
Microsoft Visual Studio Solution File, Format Version 12.00
# Visual Studio 15
VisualStudioVersion = 15.0.27428.2037
MinimumVisualStudioVersion = 10.0.40219.1
Project("{2150E333-8FDC-42A3-9474-1A3956D46DE8}") = "1- UI", "1- UI", "{2EB545FF-4BED-4780-85D7-9D6F123D6575}"
EndProject
Project("{2150E333-8FDC-42A3-9474-1A3956D46DE8}") = "2- DOMAIN", "2- DOMAIN", "{60F1FBEB-C406-4529-B36C-F31EB4A1CB10}"
EndProject
Project("{2150E333-8FDC-42A3-9474-1A3956D46DE8}") = "3- Infrastructure", "3- Infrastructure", "{D8013848-1F24-496E-A2B7-7DEE5F9FD16A}"
EndProject
Project("{FAE04EC0-301F-11D3-BF4B-00C04F79EFBC}") = "SGC.ApplicationCore", "src\SGC.ApplicationCore\SGC.ApplicationCore.csproj", "{F8DB7470-7CE1-4772-8835-A8DADB4DD6C5}"
EndProject
Project("{FAE04EC0-301F-11D3-BF4B-00C04F79EFBC}") = "SGC.Infrastructure", "src\SGC.Infrastructure\SGC.Infrastructure.csproj", "{6A67B4D8-EFE6-4FE6-B8D0-9685D6FEF45F}"
EndProject
Project("{FAE04EC0-301F-11D3-BF4B-00C04F79EFBC}") = "SGC.UI.Web", "src\SGC.UI.Web\SGC.UI.Web.csproj", "{7D5E2C02-D07E-4FCB-AAEE-5432124094B1}"
EndProject
Global
	GlobalSection(SolutionConfigurationPlatforms) = preSolution
		Debug|Any CPU = Debug|Any CPU
		Release|Any CPU = Release|Any CPU
	EndGlobalSection
	GlobalSection(ProjectConfigurationPlatforms) = postSolution
		{F8DB7470-7CE1-4772-8835-A8DADB4DD6C5}.Debug|Any CPU.ActiveCfg = Debug|Any CPU
		{F8DB7470-7CE1-4772-8835-A8DADB4DD6C5}.Debug|Any CPU.Build.0 = Debug|Any CPU
		{F8DB7470-7CE1-4772-8835-A8DADB4DD6C5}.Release|Any CPU.ActiveCfg = Release|Any CPU
		{F8DB7470-7CE1-4772-8835-A8DADB4DD6C5}.Release|Any CPU.Build.0 = Release|Any CPU
		{6A67B4D8-EFE6-4FE6-B8D0-9685D6FEF45F}.Debug|Any CPU.ActiveCfg = Debug|Any CPU
		{6A67B4D8-EFE6-4FE6-B8D0-9685D6FEF45F}.Debug|Any CPU.Build.0 = Debug|Any CPU
		{6A67B4D8-EFE6-4FE6-B8D0-9685D6FEF45F}.Release|Any CPU.ActiveCfg = Release|Any CPU
		{6A67B4D8-EFE6-4FE6-B8D0-9685D6FEF45F}.Release|Any CPU.Build.0 = Release|Any CPU
		{7D5E2C02-D07E-4FCB-AAEE-5432124094B1}.Debug|Any CPU.ActiveCfg = Debug|Any CPU
		{7D5E2C02-D07E-4FCB-AAEE-5432124094B1}.Debug|Any CPU.Build.0 = Debug|Any CPU
		{7D5E2C02-D07E-4FCB-AAEE-5432124094B1}.Release|Any CPU.ActiveCfg = Release|Any CPU
		{7D5E2C02-D07E-4FCB-AAEE-5432124094B1}.Release|Any CPU.Build.0 = Release|Any CPU
	EndGlobalSection
	GlobalSection(SolutionProperties) = preSolution
		HideSolutionNode = FALSE
	EndGlobalSection
	GlobalSection(NestedProjects) = preSolution
		{F8DB7470-7CE1-4772-8835-A8DADB4DD6C5} = {60F1FBEB-C406-4529-B36C-F31EB4A1CB10}
		{6A67B4D8-EFE6-4FE6-B8D0-9685D6FEF45F} = {D8013848-1F24-496E-A2B7-7DEE5F9FD16A}
		{7D5E2C02-D07E-4FCB-AAEE-5432124094B1} = {2EB545FF-4BED-4780-85D7-9D6F123D6575}
	EndGlobalSection
	GlobalSection(ExtensibilityGlobals) = postSolution
		SolutionGuid = {99029DFB-1099-466F-AD7A-F9CED433F55E}
	EndGlobalSection
EndGlobal
